<?xml version="1.0" encoding="utf-8"?>
<Project ToolsVersion="4.0" xmlns="http://schemas.microsoft.com/developer/msbuild/2003">
  <ItemGroup>
    <ClCompile Include="swapchain.cpp" />
    <ClCompile Include="vkInstance.cpp" />
    <ClCompile Include="main.cpp" />
  </ItemGroup>
  <ItemGroup>
    <ClInclude Include="swapchain.h" />
    <ClInclude Include="vulkan.h" />
    <ClInclude Include="core\memorymappedfile.h">
      <Filter>core</Filter>
    </ClInclude>
    <ClInclude Include="core\core.h">
      <Filter>core</Filter>
    </ClInclude>
    <ClInclude Include="scene\scene.h">
      <Filter>scene</Filter>
    </ClInclude>
    <ClInclude Include="scene\texture.h">
      <Filter>scene</Filter>
    </ClInclude>
    <ClInclude Include="scene\buffer.h">
      <Filter>scene</Filter>
    </ClInclude>
  </ItemGroup>
  <ItemGroup>
    <CustomBuild Include="shaders\*.vert">
      <Filter>shaders</Filter>
    </CustomBuild>
    <CustomBuild Include="shaders\*.frag">
      <Filter>shaders</Filter>
    </CustomBuild>
  </ItemGroup>
  <ItemGroup>
    <None Include="packages.config" />
  </ItemGroup>
  <ItemGroup>
    <Filter Include="shaders">
      <UniqueIdentifier>{cf1e72d2-8f58-4898-8ceb-2c8fe81609c0}</UniqueIdentifier>
    </Filter>
    <Filter Include="core">
      <UniqueIdentifier>{944ab1d8-1e30-4a89-bc4a-c2e6cdf312fb}</UniqueIdentifier>
    </Filter>
    <Filter Include="scene">
      <UniqueIdentifier>{1a13c17b-8f55-4db1-a2ee-c3c63567849c}</UniqueIdentifier>
    </Filter>
  </ItemGroup>
</Project>